
Microsoft Visual Studio Solution File, Format Version 12.00
# Visual Studio Version 16
VisualStudioVersion = 16.0.29509.3
MinimumVisualStudioVersion = 10.0.40219.1
Project("{9A19103F-16F7-4668-BE54-9A1E7A4F7556}") = "ser-engine-rest", "ser-engine-rest.csproj", "{4181952F-3243-4DCE-9556-0E39A28ECCC8}"
EndProject
Global
	GlobalSection(SolutionConfigurationPlatforms) = preSolution
		Debug|Any CPU = Debug|Any CPU
		Release|Any CPU = Release|Any CPU
	EndGlobalSection
	GlobalSection(ProjectConfigurationPlatforms) = postSolution
		{4181952F-3243-4DCE-9556-0E39A28ECCC8}.Debug|Any CPU.ActiveCfg = Debug|Any CPU
		{4181952F-3243-4DCE-9556-0E39A28ECCC8}.Debug|Any CPU.Build.0 = Debug|Any CPU
		{4181952F-3243-4DCE-9556-0E39A28ECCC8}.Release|Any CPU.ActiveCfg = Release|Any CPU
		{4181952F-3243-4DCE-9556-0E39A28ECCC8}.Release|Any CPU.Build.0 = Release|Any CPU
	EndGlobalSection
	GlobalSection(SolutionProperties) = preSolution
		HideSolutionNode = FALSE
	EndGlobalSection
	GlobalSection(ExtensibilityGlobals) = postSolution
		SolutionGuid = {D2029B9A-F869-4197-83BD-7DBAE89F2833}
	EndGlobalSection
EndGlobal
